AIRLINK_PRODUCT=AirLink
AIRLINK_VERSION=V2.0.0
AIRLINK_BUILD=R27.6.6.23
AIRLINK_TAG=Airlink-V2.0.0
AIRLINK_IMAGE=Airlink-V2.0.0.img
C906L_FIRMWARE=R27P
LINUX_FIRMWARE=LN27
IPC_PROTOCOL=1
IPC_ABI=4
SOURCE_SNAPSHOT_COMMIT=288144025f894e736d7b996ee8d735a7376b1100
HOST_TOOLS_URL=https://sophon-file.sophon.cn/sophon-prod-s3/drive/23/03/07/16/host-tools.tar.gz
HOST_TOOLS_SHA256=ff9a58e8e192b20ea42e1d729c42d2219523209706cb3f0cf134582f6c70f805
LVGL_VERSION=8.3.11
LVGL_UPSTREAM_COMMIT=74d0a816a440eea53e030c4f1af842a94f7ce3d3
VIRTUALHERE_SOURCE=https://www.virtualhere.com/usb_server_software
VIRTUALHERE_RISCV64_SHA256=5a03e6dd928fa46b0aec1494919c42b67835cd2c2d3e3a5d27a563499b5b720c
SDIO_REQUESTED_HZ=50000000
SDIO_EXPECTED_ACTUAL_HZ=46875000
GC9A01_SPI_HZ=46875000
IMAGE_SIZE_BYTES=1694499328
